{
  "requires": true,
  "lockfileVersion": 1,
  "dependencies": {
    "nuxt-client-init-module": {
      "version": "0.1.8",
      "resolved": "https://registry.npmjs.org/nuxt-client-init-module/-/nuxt-client-init-module-0.1.8.tgz",
      "integrity": "sha512-pHswEnDSc2JxC57XsPK8dPPbUeHHe3u56zb/Lt2CihkVo5NsuLjGVPLFBbKMVaqRCIwvhbmik6wXHOSPJdpJbA=="
    }
  }
}
